# Vendored dependencies. Bump a version by editing this file, then running
# tools/vendor_gdb_promise.sh (gdb_promise). Content is verified against
# tests/dependencies.sha256 on every test run.

gdb_promise_url=https://github.com/RafaelVidaurre/gd-better-promises.git
gdb_promise_version=0.2.0
gdb_promise_tag=v0.2.0
gdb_promise_commit=991100d2edbaa4df53d7bcfe2334728d65ab77ef

gut_version=9.7.1
gut_tag=v9.7.1
gut_commit=aeb5d4f3f7f0a6c9b5e178876d6c99b791fda605
